
Microsoft Visual Studio Solution File, Format Version 12.00
# Visual Studio Version 17
VisualStudioVersion = 17.13.35825.156 d17.13
MinimumVisualStudioVersion = 10.0.40219.1
Project("{FAE04EC0-301F-11D3-BF4B-00C04F79EFBC}") = "VendixPos", "VendixPos\VendixPos.csproj", "{CD034378-30EE-4072-A414-C616A66780F3}"
EndProject
Global
	GlobalSection(SolutionConfigurationPlatforms) = preSolution
		Debug|Any CPU = Debug|Any CPU
		Release|Any CPU = Release|Any CPU
	EndGlobalSection
	GlobalSection(ProjectConfigurationPlatforms) = postSolution
		{CD034378-30EE-4072-A414-C616A66780F3}.Debug|Any CPU.ActiveCfg = Debug|Any CPU
		{CD034378-30EE-4072-A414-C616A66780F3}.Debug|Any CPU.Build.0 = Debug|Any CPU
		{CD034378-30EE-4072-A414-C616A66780F3}.Release|Any CPU.ActiveCfg = Release|Any CPU
		{CD034378-30EE-4072-A414-C616A66780F3}.Release|Any CPU.Build.0 = Release|Any CPU
	EndGlobalSection
	GlobalSection(SolutionProperties) = preSolution
		HideSolutionNode = FALSE
	EndGlobalSection
	GlobalSection(ExtensibilityGlobals) = postSolution
		SolutionGuid = {EC436571-FD53-4702-A2F2-5831EB92C463}
	EndGlobalSection
EndGlobal
